
Microsoft Visual Studio Solution File, Format Version 12.00
# Visual Studio 15
VisualStudioVersion = 15.0.28307.102
MinimumVisualStudioVersion = 10.0.40219.1
Project("{8BC9CEB8-8B4A-11D0-8D11-00A0C91BC942}") = "11.21Homework", "11.21Homework\11.21Homework.vcxproj", "{D4956766-9008-4DE4-8A83-335519C5CF61}"
EndProject
Global
	GlobalSection(SolutionConfigurationPlatforms) = preSolution
		Debug|x64 = Debug|x64
		Debug|x86 = Debug|x86
		Release|x64 = Release|x64
		Release|x86 = Release|x86
	EndGlobalSection
	GlobalSection(ProjectConfigurationPlatforms) = postSolution
		{D4956766-9008-4DE4-8A83-335519C5CF61}.Debug|x64.ActiveCfg = Debug|x64
		{D4956766-9008-4DE4-8A83-335519C5CF61}.Debug|x64.Build.0 = Debug|x64
		{D4956766-9008-4DE4-8A83-335519C5CF61}.Debug|x86.ActiveCfg = Debug|Win32
		{D4956766-9008-4DE4-8A83-335519C5CF61}.Debug|x86.Build.0 = Debug|Win32
		{D4956766-9008-4DE4-8A83-335519C5CF61}.Release|x64.ActiveCfg = Release|x64
		{D4956766-9008-4DE4-8A83-335519C5CF61}.Release|x64.Build.0 = Release|x64
		{D4956766-9008-4DE4-8A83-335519C5CF61}.Release|x86.ActiveCfg = Release|Win32
		{D4956766-9008-4DE4-8A83-335519C5CF61}.Release|x86.Build.0 = Release|Win32
	EndGlobalSection
	GlobalSection(SolutionProperties) = preSolution
		HideSolutionNode = FALSE
	EndGlobalSection
	GlobalSection(ExtensibilityGlobals) = postSolution
		SolutionGuid = {7504577D-283F-47BC-B434-32702A69DBA8}
	EndGlobalSection
EndGlobal
