
Microsoft Visual Studio Solution File, Format Version 12.00
# Visual Studio 15
VisualStudioVersion = 15.0.28307.136
MinimumVisualStudioVersion = 10.0.40219.1
Project("{8BC9CEB8-8B4A-11D0-8D11-00A0C91BC942}") = "12.24", "12.24\12.24.vcxproj", "{E0CFE05A-F4F4-42C5-90B3-461425A81B41}"
EndProject
Global
	GlobalSection(SolutionConfigurationPlatforms) = preSolution
		Debug|x64 = Debug|x64
		Debug|x86 = Debug|x86
		Release|x64 = Release|x64
		Release|x86 = Release|x86
	EndGlobalSection
	GlobalSection(ProjectConfigurationPlatforms) = postSolution
		{E0CFE05A-F4F4-42C5-90B3-461425A81B41}.Debug|x64.ActiveCfg = Debug|x64
		{E0CFE05A-F4F4-42C5-90B3-461425A81B41}.Debug|x64.Build.0 = Debug|x64
		{E0CFE05A-F4F4-42C5-90B3-461425A81B41}.Debug|x86.ActiveCfg = Debug|Win32
		{E0CFE05A-F4F4-42C5-90B3-461425A81B41}.Debug|x86.Build.0 = Debug|Win32
		{E0CFE05A-F4F4-42C5-90B3-461425A81B41}.Release|x64.ActiveCfg = Release|x64
		{E0CFE05A-F4F4-42C5-90B3-461425A81B41}.Release|x64.Build.0 = Release|x64
		{E0CFE05A-F4F4-42C5-90B3-461425A81B41}.Release|x86.ActiveCfg = Release|Win32
		{E0CFE05A-F4F4-42C5-90B3-461425A81B41}.Release|x86.Build.0 = Release|Win32
	EndGlobalSection
	GlobalSection(SolutionProperties) = preSolution
		HideSolutionNode = FALSE
	EndGlobalSection
	GlobalSection(ExtensibilityGlobals) = postSolution
		SolutionGuid = {D609BC29-9E6A-4C77-890F-B208AE869BB1}
	EndGlobalSection
EndGlobal
