
Microsoft Visual Studio Solution File, Format Version 12.00
# Visual Studio 15
VisualStudioVersion = 15.0.28010.2046
MinimumVisualStudioVersion = 10.0.40219.1
Project("{8BC9CEB8-8B4A-11D0-8D11-00A0C91BC942}") = "10.21(2)", "10.21(2)\10.21(2).vcxproj", "{9C11E0C4-84E3-475E-BAC4-71D87A96C37B}"
EndProject
Global
	GlobalSection(SolutionConfigurationPlatforms) = preSolution
		Debug|x64 = Debug|x64
		Debug|x86 = Debug|x86
		Release|x64 = Release|x64
		Release|x86 = Release|x86
	EndGlobalSection
	GlobalSection(ProjectConfigurationPlatforms) = postSolution
		{9C11E0C4-84E3-475E-BAC4-71D87A96C37B}.Debug|x64.ActiveCfg = Debug|x64
		{9C11E0C4-84E3-475E-BAC4-71D87A96C37B}.Debug|x64.Build.0 = Debug|x64
		{9C11E0C4-84E3-475E-BAC4-71D87A96C37B}.Debug|x86.ActiveCfg = Debug|Win32
		{9C11E0C4-84E3-475E-BAC4-71D87A96C37B}.Debug|x86.Build.0 = Debug|Win32
		{9C11E0C4-84E3-475E-BAC4-71D87A96C37B}.Release|x64.ActiveCfg = Release|x64
		{9C11E0C4-84E3-475E-BAC4-71D87A96C37B}.Release|x64.Build.0 = Release|x64
		{9C11E0C4-84E3-475E-BAC4-71D87A96C37B}.Release|x86.ActiveCfg = Release|Win32
		{9C11E0C4-84E3-475E-BAC4-71D87A96C37B}.Release|x86.Build.0 = Release|Win32
	EndGlobalSection
	GlobalSection(SolutionProperties) = preSolution
		HideSolutionNode = FALSE
	EndGlobalSection
	GlobalSection(ExtensibilityGlobals) = postSolution
		SolutionGuid = {DD6E9CA3-D3F4-4A2F-B380-76C20080489A}
	EndGlobalSection
EndGlobal
